
Microsoft Visual Studio Solution File, Format Version 12.00
# Visual Studio Version 16
VisualStudioVersion = 16.0.808.7
MinimumVisualStudioVersion = 10.0.40219.1
Project("{FAE04EC0-301F-11D3-BF4B-00C04F79EFBC}") = "Assignment10v2", "Assignment10v2\Assignment10v2.csproj", "{531E8FE9-D77F-4A02-8B89-25BDC040530E}"
EndProject
Global
	GlobalSection(SolutionConfigurationPlatforms) = preSolution
		Debug|Any CPU = Debug|Any CPU
		Release|Any CPU = Release|Any CPU
	EndGlobalSection
	GlobalSection(ProjectConfigurationPlatforms) = postSolution
		{531E8FE9-D77F-4A02-8B89-25BDC040530E}.Debug|Any CPU.ActiveCfg = Debug|Any CPU
		{531E8FE9-D77F-4A02-8B89-25BDC040530E}.Debug|Any CPU.Build.0 = Debug|Any CPU
		{531E8FE9-D77F-4A02-8B89-25BDC040530E}.Release|Any CPU.ActiveCfg = Release|Any CPU
		{531E8FE9-D77F-4A02-8B89-25BDC040530E}.Release|Any CPU.Build.0 = Release|Any CPU
	EndGlobalSection
	GlobalSection(SolutionProperties) = preSolution
		HideSolutionNode = FALSE
	EndGlobalSection
	GlobalSection(ExtensibilityGlobals) = postSolution
		SolutionGuid = {A89F28B0-DACB-4BC5-B306-09E3A587C8E0}
	EndGlobalSection
EndGlobal
